id: pus_MemoryManagementService
label: ST[06] PUS Memory Management Service 
category: '[Packet Utilization Service]/Services'
flags: [pyhton, cpp]

templates:
  imports: from gnuradio import pus
  make: pus.MemoryManagementService()

cpp_templates:
  includes: ['#include <gnuradio/pus/MemoryManagementService.h>']
  declarations: 'gr::pus::MemoryManagementService::sptr ;'
  make: |-
    this->${id} = gr::pus::MemoryManagementService::make();
  link: ['gr::pus']
  
parameters:
        
inputs:
-   domain: message
    id: in

outputs:
-   domain: message
    id: out
    optional: true  
-   domain: message
    id: ver
    optional: true 

#  'file_format' specifies the version of the GRC yml format used in the file
#  and should usually not be changed.
file_format: 1
