id: pus_StorageAndRetrievalService
label: ST[15] PUS Storage And Retrieval Service 
category: '[Packet Utilization Service]/Services'
flags: [pyhton, cpp]

templates:
  imports: from gnuradio import pus
  make: pus.StorageAndRetrievalService(${storage_file}, ${vc_list}, ${samples_per_sec})

cpp_templates:
  includes: ['#include <gnuradio/pus/StorageAndRetrievalService.h>']
  declarations: 'gr::pus::StorageAndRetrievalService::sptr ;'
  make: |-
    this->${id} = gr::pus::StorageAndRetrievalService::make(${storage_file}, ${vc_list});
  link: ['gr::pus']
  
parameters:
-   id: storage_file
    label: Init Stores
    dtype: file_open
    default: ''
-   id: vc_list
    label: VC list
    dtype: int_vector
    hide: none
-   id: samples_per_sec
    label: Sample Rate
    dtype: real
    default: samp_rate
                
inputs:
-   domain: message
    id: in
-   domain: message
    id: in_msg
    
outputs:
-   domain: message
    id: out
    optional: true  
-   domain: message
    id: ver
    optional: true  
-   domain: message
    id: vc
    multiplicity: ${ len(vc_list) }
    optional: true 
    
#  'file_format' specifies the version of the GRC yml format used in the file
#  and should usually not be changed.
file_format: 1
